
Microsoft Visual Studio Solution File, Format Version 12.00
# Visual Studio Version 16
VisualStudioVersion = 16.0.32228.349
MinimumVisualStudioVersion = 10.0.40219.1
Project("{FAE04EC0-301F-11D3-BF4B-00C04F79EFBC}") = "testdnslinuxpatob2022", "testdnslinuxpatob2022.csproj", "{AD99F5B2-FBEC-4953-8552-8CDFB5A73F23}"
EndProject
Global
	GlobalSection(SolutionConfigurationPlatforms) = preSolution
		Debug|Any CPU = Debug|Any CPU
		Release|Any CPU = Release|Any CPU
	EndGlobalSection
	GlobalSection(ProjectConfigurationPlatforms) = postSolution
		{AD99F5B2-FBEC-4953-8552-8CDFB5A73F23}.Debug|Any CPU.ActiveCfg = Debug|Any CPU
		{AD99F5B2-FBEC-4953-8552-8CDFB5A73F23}.Debug|Any CPU.Build.0 = Debug|Any CPU
		{AD99F5B2-FBEC-4953-8552-8CDFB5A73F23}.Release|Any CPU.ActiveCfg = Release|Any CPU
		{AD99F5B2-FBEC-4953-8552-8CDFB5A73F23}.Release|Any CPU.Build.0 = Release|Any CPU
	EndGlobalSection
	GlobalSection(SolutionProperties) = preSolution
		HideSolutionNode = FALSE
	EndGlobalSection
	GlobalSection(ExtensibilityGlobals) = postSolution
		SolutionGuid = {E4CD9FB9-D182-4C9A-B626-4E5678DF1472}
	EndGlobalSection
EndGlobal
